
Microsoft Visual Studio Solution File, Format Version 12.00
# Visual Studio 2012
Project("{FAE04EC0-301F-11D3-BF4B-00C04F79EFBC}") = "TicketPackageSyncTool", "TicketPackageSyncTool\TicketPackageSyncTool.csproj", "{C66420C5-69D3-41D8-92AC-C078961C2E60}"
EndProject
Global
	GlobalSection(SolutionConfigurationPlatforms) = preSolution
		Debug|Any CPU = Debug|Any CPU
		Release|Any CPU = Release|Any CPU
	EndGlobalSection
	GlobalSection(ProjectConfigurationPlatforms) = postSolution
		{C66420C5-69D3-41D8-92AC-C078961C2E60}.Debug|Any CPU.ActiveCfg = Debug|Any CPU
		{C66420C5-69D3-41D8-92AC-C078961C2E60}.Debug|Any CPU.Build.0 = Debug|Any CPU
		{C66420C5-69D3-41D8-92AC-C078961C2E60}.Release|Any CPU.ActiveCfg = Release|Any CPU
		{C66420C5-69D3-41D8-92AC-C078961C2E60}.Release|Any CPU.Build.0 = Release|Any CPU
	EndGlobalSection
	GlobalSection(SolutionProperties) = preSolution
		HideSolutionNode = FALSE
	EndGlobalSection
EndGlobal
